
Microsoft Visual Studio Solution File, Format Version 12.00
# Visual Studio 2015
Project("{FAE04EC0-301F-11D3-BF4B-00C04F79EFBC}") = "spaceship.CSharp", "spaceship.CSharp.csproj", "{A999D7FA-F82D-A009-BB9B-7F297E835AE3}"
EndProject
Project("{FAE04EC0-301F-11D3-BF4B-00C04F79EFBC}") = "spaceship.CSharp.Editor", "spaceship.CSharp.Editor.csproj", "{5DF13146-C74A-58E3-4374-1E627930766B}"
EndProject
Global
	GlobalSection(SolutionConfigurationPlatforms) = preSolution
		Debug|Any CPU = Debug|Any CPU
		Release|Any CPU = Release|Any CPU
	EndGlobalSection
	GlobalSection(ProjectConfigurationPlatforms) = postSolution
		{A999D7FA-F82D-A009-BB9B-7F297E835AE3}.Debug|Any CPU.ActiveCfg = Debug|Any CPU
		{A999D7FA-F82D-A009-BB9B-7F297E835AE3}.Debug|Any CPU.Build.0 = Debug|Any CPU
		{A999D7FA-F82D-A009-BB9B-7F297E835AE3}.Release|Any CPU.ActiveCfg = Release|Any CPU
		{A999D7FA-F82D-A009-BB9B-7F297E835AE3}.Release|Any CPU.Build.0 = Release|Any CPU
		{5DF13146-C74A-58E3-4374-1E627930766B}.Debug|Any CPU.ActiveCfg = Debug|Any CPU
		{5DF13146-C74A-58E3-4374-1E627930766B}.Debug|Any CPU.Build.0 = Debug|Any CPU
		{5DF13146-C74A-58E3-4374-1E627930766B}.Release|Any CPU.ActiveCfg = Release|Any CPU
		{5DF13146-C74A-58E3-4374-1E627930766B}.Release|Any CPU.Build.0 = Release|Any CPU
	EndGlobalSection
	GlobalSection(SolutionProperties) = preSolution
		HideSolutionNode = FALSE
	EndGlobalSection
EndGlobal
